// !$*UTF8*$!
{
	archiveVersion = 1;
	classes = {
	};
	objectVersion = 46;
	objects = {

/* Begin PBXBuildFile section */
		8F7AC13B1EE7A49D002CD45B /* AppDelegate.swift in Sources */ = {isa = PBXBuildFile; fileRef = 8F7AC13A1EE7A49D002CD45B /* AppDelegate.swift */; };
		8F7AC13D1EE7A49D002CD45B /* ViewController.swift in Sources */ = {isa = PBXBuildFile; fileRef = 8F7AC13C1EE7A49D002CD45B /* ViewController.swift */; };
		8F7AC1401EE7A49D002CD45B /* Main.storyboard in Resources */ = {isa = PBXBuildFile; fileRef = 8F7AC13E1EE7A49D002CD45B /* Main.storyboard */; };
		8F7AC1421EE7A49D002CD45B /* Assets.xcassets in Resources */ = {isa = PBXBuildFile; fileRef = 8F7AC1411EE7A49D002CD45B /* Assets.xcassets */; };
		8F7AC1451EE7A49D002CD45B /* LaunchScreen.storyboard in Resources */ = {isa = PBXBuildFile; fileRef = 8F7AC1431EE7A49D002CD45B /* LaunchScreen.storyboard */; };
		8F7AC1501EE7A49D002CD45B /* ____Tests.swift in Sources */ = {isa = PBXBuildFile; fileRef = 8F7AC14F1EE7A49D002CD45B /* ____Tests.swift */; };
		8F7AC15B1EE7A49D002CD45B /* ____UITests.swift in Sources */ = {isa = PBXBuildFile; fileRef = 8F7AC15A1EE7A49D002CD45B /* ____UITests.swift */; };
/* End PBXBuildFile section */

/* Begin PBXContainerItemProxy section */
		8F7AC14C1EE7A49D002CD45B /* PBXContainerItemProxy */ = {
			isa = PBXContainerItemProxy;
			containerPortal = 8F7AC12F1EE7A49D002CD45B /* Project object */;
			proxyType = 1;
			remoteGlobalIDString = 8F7AC1361EE7A49D002CD45B;
			remoteInfo = "休闲一刻";
		};
		8F7AC1571EE7A49D002CD45B /* PBXContainerItemProxy */ = {
			isa = PBXContainerItemProxy;
			containerPortal = 8F7AC12F1EE7A49D002CD45B /* Project object */;
			proxyType = 1;
			remoteGlobalIDString = 8F7AC1361EE7A49D002CD45B;
			remoteInfo = "休闲一刻";
		};
/* End PBXContainerItemProxy section */

/* Begin PBXFileReference section */
		8F7AC1371EE7A49D002CD45B /* 休闲一刻.app */ = {isa = PBXFileReference; explicitFileType = wrapper.application; includeInIndex = 0; path = "休闲一刻.app"; sourceTree = BUILT_PRODUCTS_DIR; };
		8F7AC13A1EE7A49D002CD45B /* AppDelegate.swift */ = {isa = PBXFileReference; lastKnownFileType = sourcecode.swift; path = AppDelegate.swift; sourceTree = "<group>"; };
		8F7AC13C1EE7A49D002CD45B /* ViewController.swift */ = {isa = PBXFileReference; lastKnownFileType = sourcecode.swift; path = ViewController.swift; sourceTree = "<group>"; };
		8F7AC13F1EE7A49D002CD45B /* Base */ = {isa = PBXFileReference; lastKnownFileType = file.storyboard; name = Base; path = Base.lproj/Main.storyboard; sourceTree = "<group>"; };
		8F7AC1411EE7A49D002CD45B /* Assets.xcassets */ = {isa = PBXFileReference; lastKnownFileType = folder.assetcatalog; path = Assets.xcassets; sourceTree = "<group>"; };
		8F7AC1441EE7A49D002CD45B /* Base */ = {isa = PBXFileReference; lastKnownFileType = file.storyboard; name = Base; path = Base.lproj/LaunchScreen.storyboard; sourceTree = "<group>"; };
		8F7AC1461EE7A49D002CD45B /* Info.plist */ = {isa = PBXFileReference; lastKnownFileType = text.plist.xml; path = Info.plist; sourceTree = "<group>"; };
		8F7AC14B1EE7A49D002CD45B /* 休闲一刻Tests.xctest */ = {isa = PBXFileReference; explicitFileType = wrapper.cfbundle; includeInIndex = 0; path = "休闲一刻Tests.xctest"; sourceTree = BUILT_PRODUCTS_DIR; };
		8F7AC14F1EE7A49D002CD45B /* ____Tests.swift */ = {isa = PBXFileReference; lastKnownFileType = sourcecode.swift; path = "____Tests.swift"; sourceTree = "<group>"; };
		8F7AC1511EE7A49D002CD45B /* Info.plist */ = {isa = PBXFileReference; lastKnownFileType = text.plist.xml; path = Info.plist; sourceTree = "<group>"; };
		8F7AC1561EE7A49D002CD45B /* 休闲一刻UITests.xctest */ = {isa = PBXFileReference; explicitFileType = wrapper.cfbundle; includeInIndex = 0; path = "休闲一刻UITests.xctest"; sourceTree = BUILT_PRODUCTS_DIR; };
		8F7AC15A1EE7A49D002CD45B /* ____UITests.swift */ = {isa = PBXFileReference; lastKnownFileType = sourcecode.swift; path = "____UITests.swift"; sourceTree = "<group>"; };
		8F7AC15C1EE7A49D002CD45B /* Info.plist */ = {isa = PBXFileReference; lastKnownFileType = text.plist.xml; path = Info.plist; sourceTree = "<group>"; };
/* End PBXFileReference section */

/* Begin PBXFrameworksBuildPhase section */
		8F7AC1341EE7A49D002CD45B /* Frameworks */ = {
			isa = PBXFrameworksBuildPhase;
			buildActionMask = 2147483647;
			files = (
			);
			runOnlyForDeploymentPostprocessing = 0;
		};
		8F7AC1481EE7A49D002CD45B /* Frameworks */ = {
			isa = PBXFrameworksBuildPhase;
			buildActionMask = 2147483647;
			files = (
			);
			runOnlyForDeploymentPostprocessing = 0;
		};
		8F7AC1531EE7A49D002CD45B /* Frameworks */ = {
			isa = PBXFrameworksBuildPhase;
			buildActionMask = 2147483647;
			files = (
			);
			runOnlyForDeploymentPostprocessing = 0;
		};
/* End PBXFrameworksBuildPhase section */

/* Begin PBXGroup section */
		8F7AC12E1EE7A49D002CD45B = {
			isa = PBXGroup;
			children = (
				8F7AC1391EE7A49D002CD45B /* 休闲一刻 */,
				8F7AC14E1EE7A49D002CD45B /* 休闲一刻Tests */,
				8F7AC1591EE7A49D002CD45B /* 休闲一刻UITests */,
				8F7AC1381EE7A49D002CD45B /* Products */,
			);
			sourceTree = "<group>";
		};
		8F7AC1381EE7A49D002CD45B /* Products */ = {
			isa = PBXGroup;
			children = (
				8F7AC1371EE7A49D002CD45B /* 休闲一刻.app */,
				8F7AC14B1EE7A49D002CD45B /* 休闲一刻Tests.xctest */,
				8F7AC1561EE7A49D002CD45B /* 休闲一刻UITests.xctest */,
			);
			name = Products;
			sourceTree = "<group>";
		};
		8F7AC1391EE7A49D002CD45B /* 休闲一刻 */ = {
			isa = PBXGroup;
			children = (
				8F7AC13A1EE7A49D002CD45B /* AppDelegate.swift */,
				8F7AC13C1EE7A49D002CD45B /* ViewController.swift */,
				8F7AC13E1EE7A49D002CD45B /* Main.storyboard */,
				8F7AC1411EE7A49D002CD45B /* Assets.xcassets */,
				8F7AC1431EE7A49D002CD45B /* LaunchScreen.storyboard */,
				8F7AC1461EE7A49D002CD45B /* Info.plist */,
			);
			path = "休闲一刻";
			sourceTree = "<group>";
		};
		8F7AC14E1EE7A49D002CD45B /* 休闲一刻Tests */ = {
			isa = PBXGroup;
			children = (
				8F7AC14F1EE7A49D002CD45B /* ____Tests.swift */,
				8F7AC1511EE7A49D002CD45B /* Info.plist */,
			);
			path = "休闲一刻Tests";
			sourceTree = "<group>";
		};
		8F7AC1591EE7A49D002CD45B /* 休闲一刻UITests */ = {
			isa = PBXGroup;
			children = (
				8F7AC15A1EE7A49D002CD45B /* ____UITests.swift */,
				8F7AC15C1EE7A49D002CD45B /* Info.plist */,
			);
			path = "休闲一刻UITests";
			sourceTree = "<group>";
		};
/* End PBXGroup section */

/* Begin PBXNativeTarget section */
		8F7AC1361EE7A49D002CD45B /* 休闲一刻 */ = {
			isa = PBXNativeTarget;
			buildConfigurationList = 8F7AC15F1EE7A49D002CD45B /* Build configuration list for PBXNativeTarget "休闲一刻" */;
			buildPhases = (
				8F7AC1331EE7A49D002CD45B /* Sources */,
				8F7AC1341EE7A49D002CD45B /* Frameworks */,
				8F7AC1351EE7A49D002CD45B /* Resources */,
			);
			buildRules = (
			);
			dependencies = (
			);
			name = "休闲一刻";
			productName = "休闲一刻";
			productReference = 8F7AC1371EE7A49D002CD45B /* 休闲一刻.app */;
			productType = "com.apple.product-type.application";
		};
		8F7AC14A1EE7A49D002CD45B /* 休闲一刻Tests */ = {
			isa = PBXNativeTarget;
			buildConfigurationList = 8F7AC1621EE7A49D002CD45B /* Build configuration list for PBXNativeTarget "休闲一刻Tests" */;
			buildPhases = (
				8F7AC1471EE7A49D002CD45B /* Sources */,
				8F7AC1481EE7A49D002CD45B /* Frameworks */,
				8F7AC1491EE7A49D002CD45B /* Resources */,
			);
			buildRules = (
			);
			dependencies = (
				8F7AC14D1EE7A49D002CD45B /* PBXTargetDependency */,
			);
			name = "休闲一刻Tests";
			productName = "休闲一刻Tests";
			productReference = 8F7AC14B1EE7A49D002CD45B /* 休闲一刻Tests.xctest */;
			productType = "com.apple.product-type.bundle.unit-test";
		};
		8F7AC1551EE7A49D002CD45B /* 休闲一刻UITests */ = {
			isa = PBXNativeTarget;
			buildConfigurationList = 8F7AC1651EE7A49D002CD45B /* Build configuration list for PBXNativeTarget "休闲一刻UITests" */;
			buildPhases = (
				8F7AC1521EE7A49D002CD45B /* Sources */,
				8F7AC1531EE7A49D002CD45B /* Frameworks */,
				8F7AC1541EE7A49D002CD45B /* Resources */,
			);
			buildRules = (
			);
			dependencies = (
				8F7AC1581EE7A49D002CD45B /* PBXTargetDependency */,
			);
			name = "休闲一刻UITests";
			productName = "休闲一刻UITests";
			productReference = 8F7AC1561EE7A49D002CD45B /* 休闲一刻UITests.xctest */;
			productType = "com.apple.product-type.bundle.ui-testing";
		};
/* End PBXNativeTarget section */

/* Begin PBXProject section */
		8F7AC12F1EE7A49D002CD45B /* Project object */ = {
			isa = PBXProject;
			attributes = {
				LastSwiftUpdateCheck = 0830;
				LastUpgradeCheck = 0830;
				ORGANIZATIONNAME = "5201-mac";
				TargetAttributes = {
					8F7AC1361EE7A49D002CD45B = {
						CreatedOnToolsVersion = 8.3.2;
						DevelopmentTeam = JHNQT8B2ZN;
						ProvisioningStyle = Automatic;
					};
					8F7AC14A1EE7A49D002CD45B = {
						CreatedOnToolsVersion = 8.3.2;
						DevelopmentTeam = JHNQT8B2ZN;
						ProvisioningStyle = Automatic;
						TestTargetID = 8F7AC1361EE7A49D002CD45B;
					};
					8F7AC1551EE7A49D002CD45B = {
						CreatedOnToolsVersion = 8.3.2;
						DevelopmentTeam = JHNQT8B2ZN;
						ProvisioningStyle = Automatic;
						TestTargetID = 8F7AC1361EE7A49D002CD45B;
					};
				};
			};
			buildConfigurationList = 8F7AC1321EE7A49D002CD45B /* Build configuration list for PBXProject "休闲一刻" */;
			compatibilityVersion = "Xcode 3.2";
			developmentRegion = English;
			hasScannedForEncodings = 0;
			knownRegions = (
				en,
				Base,
			);
			mainGroup = 8F7AC12E1EE7A49D002CD45B;
			productRefGroup = 8F7AC1381EE7A49D002CD45B /* Products */;
			projectDirPath = "";
			projectRoot = "";
			targets = (
				8F7AC1361EE7A49D002CD45B /* 休闲一刻 */,
				8F7AC14A1EE7A49D002CD45B /* 休闲一刻Tests */,
				8F7AC1551EE7A49D002CD45B /* 休闲一刻UITests */,
			);
		};
/* End PBXProject section */

/* Begin PBXResourcesBuildPhase section */
		8F7AC1351EE7A49D002CD45B /* Resources */ = {
			isa = PBXResourcesBuildPhase;
			buildActionMask = 2147483647;
			files = (
				8F7AC1451EE7A49D002CD45B /* LaunchScreen.storyboard in Resources */,
				8F7AC1421EE7A49D002CD45B /* Assets.xcassets in Resources */,
				8F7AC1401EE7A49D002CD45B /* Main.storyboard in Resources */,
			);
			runOnlyForDeploymentPostprocessing = 0;
		};
		8F7AC1491EE7A49D002CD45B /* Resources */ = {
			isa = PBXResourcesBuildPhase;
			buildActionMask = 2147483647;
			files = (
			);
			runOnlyForDeploymentPostprocessing = 0;
		};
		8F7AC1541EE7A49D002CD45B /* Resources */ = {
			isa = PBXResourcesBuildPhase;
			buildActionMask = 2147483647;
			files = (
			);
			runOnlyForDeploymentPostprocessing = 0;
		};
/* End PBXResourcesBuildPhase section */

/* Begin PBXSourcesBuildPhase section */
		8F7AC1331EE7A49D002CD45B /* Sources */ = {
			isa = PBXSourcesBuildPhase;
			buildActionMask = 2147483647;
			files = (
				8F7AC13D1EE7A49D002CD45B /* ViewController.swift in Sources */,
				8F7AC13B1EE7A49D002CD45B /* AppDelegate.swift in Sources */,
			);
			runOnlyForDeploymentPostprocessing = 0;
		};
		8F7AC1471EE7A49D002CD45B /* Sources */ = {
			isa = PBXSourcesBuildPhase;
			buildActionMask = 2147483647;
			files = (
				8F7AC1501EE7A49D002CD45B /* ____Tests.swift in Sources */,
			);
			runOnlyForDeploymentPostprocessing = 0;
		};
		8F7AC1521EE7A49D002CD45B /* Sources */ = {
			isa = PBXSourcesBuildPhase;
			buildActionMask = 2147483647;
			files = (
				8F7AC15B1EE7A49D002CD45B /* ____UITests.swift in Sources */,
			);
			runOnlyForDeploymentPostprocessing = 0;
		};
/* End PBXSourcesBuildPhase section */

/* Begin PBXTargetDependency section */
		8F7AC14D1EE7A49D002CD45B /* PBXTargetDependency */ = {
			isa = PBXTargetDependency;
			target = 8F7AC1361EE7A49D002CD45B /* 休闲一刻 */;
			targetProxy = 8F7AC14C1EE7A49D002CD45B /* PBXContainerItemProxy */;
		};
		8F7AC1581EE7A49D002CD45B /* PBXTargetDependency */ = {
			isa = PBXTargetDependency;
			target = 8F7AC1361EE7A49D002CD45B /* 休闲一刻 */;
			targetProxy = 8F7AC1571EE7A49D002CD45B /* PBXContainerItemProxy */;
		};
/* End PBXTargetDependency section */

/* Begin PBXVariantGroup section */
		8F7AC13E1EE7A49D002CD45B /* Main.storyboard */ = {
			isa = PBXVariantGroup;
			children = (
				8F7AC13F1EE7A49D002CD45B /* Base */,
			);
			name = Main.storyboard;
			sourceTree = "<group>";
		};
		8F7AC1431EE7A49D002CD45B /* LaunchScreen.storyboard */ = {
			isa = PBXVariantGroup;
			children = (
				8F7AC1441EE7A49D002CD45B /* Base */,
			);
			name = LaunchScreen.storyboard;
			sourceTree = "<group>";
		};
/* End PBXVariantGroup section */

/* Begin XCBuildConfiguration section */
		8F7AC15D1EE7A49D002CD45B /* Debug */ = {
			isa = XCBuildConfiguration;
			buildSettings = {
				ALWAYS_SEARCH_USER_PATHS = NO;
				CLANG_ANALYZER_NONNULL = YES;
				CLANG_ANALYZER_NUMBER_OBJECT_CONVERSION = YES_AGGRESSIVE;
				CLANG_CXX_LANGUAGE_STANDARD = "gnu++0x";
				CLANG_CXX_LIBRARY = "libc++";
				CLANG_ENABLE_MODULES = YES;
				CLANG_ENABLE_OBJC_ARC = YES;
				CLANG_WARN_BOOL_CONVERSION = YES;
				CLANG_WARN_CONSTANT_CONVERSION = YES;
				CLANG_WARN_DIRECT_OBJC_ISA_USAGE = YES_ERROR;
				CLANG_WARN_DOCUMENTATION_COMMENTS = YES;
				CLANG_WARN_EMPTY_BODY = YES;
				CLANG_WARN_ENUM_CONVERSION = YES;
				CLANG_WARN_INFINITE_RECURSION = YES;
				CLANG_WARN_INT_CONVERSION = YES;
				CLANG_WARN_OBJC_ROOT_CLASS = YES_ERROR;
				CLANG_WARN_SUSPICIOUS_MOVE = YES;
				CLANG_WARN_UNREACHABLE_CODE = YES;
				CLANG_WARN__DUPLICATE_METHOD_MATCH = YES;
				"CODE_SIGN_IDENTITY[sdk=iphoneos*]" = "iPhone Developer";
				COPY_PHASE_STRIP = NO;
				DEBUG_INFORMATION_FORMAT = dwarf;
				ENABLE_STRICT_OBJC_MSGSEND = YES;
				ENABLE_TESTABILITY = YES;
				GCC_C_LANGUAGE_STANDARD = gnu99;
				GCC_DYNAMIC_NO_PIC = NO;
				GCC_NO_COMMON_BLOCKS = YES;
				GCC_OPTIMIZATION_LEVEL = 0;
				GCC_PREPROCESSOR_DEFINITIONS = (
					"DEBUG=1",
					"$(inherited)",
				);
				GCC_WARN_64_TO_32_BIT_CONVERSION = YES;
				GCC_WARN_ABOUT_RETURN_TYPE = YES_ERROR;
				GCC_WARN_UNDECLARED_SELECTOR = YES;
				GCC_WARN_UNINITIALIZED_AUTOS = YES_AGGRESSIVE;
				GCC_WARN_UNUSED_FUNCTION = YES;
				GCC_WARN_UNUSED_VARIABLE = YES;
				IPHONEOS_DEPLOYMENT_TARGET = 10.3;
				MTL_ENABLE_DEBUG_INFO = YES;
				ONLY_ACTIVE_ARCH = YES;
				SDKROOT = iphoneos;
				SWIFT_ACTIVE_COMPILATION_CONDITIONS = DEBUG;
				SWIFT_OPTIMIZATION_LEVEL = "-Onone";
			};
			name = Debug;
		};
		8F7AC15E1EE7A49D002CD45B /* Release */ = {
			isa = XCBuildConfiguration;
			buildSettings = {
				ALWAYS_SEARCH_USER_PATHS = NO;
				CLANG_ANALYZER_NONNULL = YES;
				CLANG_ANALYZER_NUMBER_OBJECT_CONVERSION = YES_AGGRESSIVE;
				CLANG_CXX_LANGUAGE_STANDARD = "gnu++0x";
				CLANG_CXX_LIBRARY = "libc++";
				CLANG_ENABLE_MODULES = YES;
				CLANG_ENABLE_OBJC_ARC = YES;
				CLANG_WARN_BOOL_CONVERSION = YES;
				CLANG_WARN_CONSTANT_CONVERSION = YES;
				CLANG_WARN_DIRECT_OBJC_ISA_USAGE = YES_ERROR;
				CLANG_WARN_DOCUMENTATION_COMMENTS = YES;
				CLANG_WARN_EMPTY_BODY = YES;
				CLANG_WARN_ENUM_CONVERSION = YES;
				CLANG_WARN_INFINITE_RECURSION = YES;
				CLANG_WARN_INT_CONVERSION = YES;
				CLANG_WARN_OBJC_ROOT_CLASS = YES_ERROR;
				CLANG_WARN_SUSPICIOUS_MOVE = YES;
				CLANG_WARN_UNREACHABLE_CODE = YES;
				CLANG_WARN__DUPLICATE_METHOD_MATCH = YES;
				"CODE_SIGN_IDENTITY[sdk=iphoneos*]" = "iPhone Developer";
				COPY_PHASE_STRIP = NO;
				DEBUG_INFORMATION_FORMAT = "dwarf-with-dsym";
				ENABLE_NS_ASSERTIONS = NO;
				ENABLE_STRICT_OBJC_MSGSEND = YES;
				GCC_C_LANGUAGE_STANDARD = gnu99;
				GCC_NO_COMMON_BLOCKS = YES;
				GCC_WARN_64_TO_32_BIT_CONVERSION = YES;
				GCC_WARN_ABOUT_RETURN_TYPE = YES_ERROR;
				GCC_WARN_UNDECLARED_SELECTOR = YES;
				GCC_WARN_UNINITIALIZED_AUTOS = YES_AGGRESSIVE;
				GCC_WARN_UNUSED_FUNCTION = YES;
				GCC_WARN_UNUSED_VARIABLE = YES;
				IPHONEOS_DEPLOYMENT_TARGET = 10.3;
				MTL_ENABLE_DEBUG_INFO = NO;
				SDKROOT = iphoneos;
				SWIFT_OPTIMIZATION_LEVEL = "-Owholemodule";
				VALIDATE_PRODUCT = YES;
			};
			name = Release;
		};
		8F7AC1601EE7A49D002CD45B /* Debug */ = {
			isa = XCBuildConfiguration;
			buildSettings = {
				ASSETCATALOG_COMPILER_APPICON_NAME = AppIcon;
				DEVELOPMENT_TEAM = JHNQT8B2ZN;
				INFOPLIST_FILE = "休闲一刻/Info.plist";
				LD_RUNPATH_SEARCH_PATHS = "$(inherited) @executable_path/Frameworks";
				PRODUCT_BUNDLE_IDENTIFIER = "train.----";
				PRODUCT_NAME = "$(TARGET_NAME)";
				SWIFT_VERSION = 3.0;
			};
			name = Debug;
		};
		8F7AC1611EE7A49D002CD45B /* Release */ = {
			isa = XCBuildConfiguration;
			buildSettings = {
				ASSETCATALOG_COMPILER_APPICON_NAME = AppIcon;
				DEVELOPMENT_TEAM = JHNQT8B2ZN;
				INFOPLIST_FILE = "休闲一刻/Info.plist";
				LD_RUNPATH_SEARCH_PATHS = "$(inherited) @executable_path/Frameworks";
				PRODUCT_BUNDLE_IDENTIFIER = "train.----";
				PRODUCT_NAME = "$(TARGET_NAME)";
				SWIFT_VERSION = 3.0;
			};
			name = Release;
		};
		8F7AC1631EE7A49D002CD45B /* Debug */ = {
			isa = XCBuildConfiguration;
			buildSettings = {
				ALWAYS_EMBED_SWIFT_STANDARD_LIBRARIES = YES;
				BUNDLE_LOADER = "$(TEST_HOST)";
				DEVELOPMENT_TEAM = JHNQT8B2ZN;
				INFOPLIST_FILE = "休闲一刻Tests/Info.plist";
				LD_RUNPATH_SEARCH_PATHS = "$(inherited) @executable_path/Frameworks @loader_path/Frameworks";
				PRODUCT_BUNDLE_IDENTIFIER = "train.----Tests";
				PRODUCT_NAME = "$(TARGET_NAME)";
				SWIFT_VERSION = 3.0;
				TEST_HOST = "$(BUILT_PRODUCTS_DIR)/休闲一刻.app/休闲一刻";
			};
			name = Debug;
		};
		8F7AC1641EE7A49D002CD45B /* Release */ = {
			isa = XCBuildConfiguration;
			buildSettings = {
				ALWAYS_EMBED_SWIFT_STANDARD_LIBRARIES = YES;
				BUNDLE_LOADER = "$(TEST_HOST)";
				DEVELOPMENT_TEAM = JHNQT8B2ZN;
				INFOPLIST_FILE = "休闲一刻Tests/Info.plist";
				LD_RUNPATH_SEARCH_PATHS = "$(inherited) @executable_path/Frameworks @loader_path/Frameworks";
				PRODUCT_BUNDLE_IDENTIFIER = "train.----Tests";
				PRODUCT_NAME = "$(TARGET_NAME)";
				SWIFT_VERSION = 3.0;
				TEST_HOST = "$(BUILT_PRODUCTS_DIR)/休闲一刻.app/休闲一刻";
			};
			name = Release;
		};
		8F7AC1661EE7A49D002CD45B /* Debug */ = {
			isa = XCBuildConfiguration;
			buildSettings = {
				ALWAYS_EMBED_SWIFT_STANDARD_LIBRARIES = YES;
				DEVELOPMENT_TEAM = JHNQT8B2ZN;
				INFOPLIST_FILE = "休闲一刻UITests/Info.plist";
				LD_RUNPATH_SEARCH_PATHS = "$(inherited) @executable_path/Frameworks @loader_path/Frameworks";
				PRODUCT_BUNDLE_IDENTIFIER = "train.----UITests";
				PRODUCT_NAME = "$(TARGET_NAME)";
				SWIFT_VERSION = 3.0;
				TEST_TARGET_NAME = "休闲一刻";
			};
			name = Debug;
		};
		8F7AC1671EE7A49D002CD45B /* Release */ = {
			isa = XCBuildConfiguration;
			buildSettings = {
				ALWAYS_EMBED_SWIFT_STANDARD_LIBRARIES = YES;
				DEVELOPMENT_TEAM = JHNQT8B2ZN;
				INFOPLIST_FILE = "休闲一刻UITests/Info.plist";
				LD_RUNPATH_SEARCH_PATHS = "$(inherited) @executable_path/Frameworks @loader_path/Frameworks";
				PRODUCT_BUNDLE_IDENTIFIER = "train.----UITests";
				PRODUCT_NAME = "$(TARGET_NAME)";
				SWIFT_VERSION = 3.0;
				TEST_TARGET_NAME = "休闲一刻";
			};
			name = Release;
		};
/* End XCBuildConfiguration section */

/* Begin XCConfigurationList section */
		8F7AC1321EE7A49D002CD45B /* Build configuration list for PBXProject "休闲一刻" */ = {
			isa = XCConfigurationList;
			buildConfigurations = (
				8F7AC15D1EE7A49D002CD45B /* Debug */,
				8F7AC15E1EE7A49D002CD45B /* Release */,
			);
			defaultConfigurationIsVisible = 0;
			defaultConfigurationName = Release;
		};
		8F7AC15F1EE7A49D002CD45B /* Build configuration list for PBXNativeTarget "休闲一刻" */ = {
			isa = XCConfigurationList;
			buildConfigurations = (
				8F7AC1601EE7A49D002CD45B /* Debug */,
				8F7AC1611EE7A49D002CD45B /* Release */,
			);
			defaultConfigurationIsVisible = 0;
		};
		8F7AC1621EE7A49D002CD45B /* Build configuration list for PBXNativeTarget "休闲一刻Tests" */ = {
			isa = XCConfigurationList;
			buildConfigurations = (
				8F7AC1631EE7A49D002CD45B /* Debug */,
				8F7AC1641EE7A49D002CD45B /* Release */,
			);
			defaultConfigurationIsVisible = 0;
		};
		8F7AC1651EE7A49D002CD45B /* Build configuration list for PBXNativeTarget "休闲一刻UITests" */ = {
			isa = XCConfigurationList;
			buildConfigurations = (
				8F7AC1661EE7A49D002CD45B /* Debug */,
				8F7AC1671EE7A49D002CD45B /* Release */,
			);
			defaultConfigurationIsVisible = 0;
		};
/* End XCConfigurationList section */
	};
	rootObject = 8F7AC12F1EE7A49D002CD45B /* Project object */;
}
